
Microsoft Visual Studio Solution File, Format Version 12.00
# Visual Studio Version 17
VisualStudioVersion = 17.8.34525.116
MinimumVisualStudioVersion = 10.0.40219.1
Project("{FAE04EC0-301F-11D3-BF4B-00C04F79EFBC}") = "dummy-second-coming", "dummy-second-coming\dummy-second-coming.csproj", "{3FF01C50-AB97-415E-A594-C68237A1B7C1}"
EndProject
Global
	GlobalSection(SolutionConfigurationPlatforms) = preSolution
		Debug|Any CPU = Debug|Any CPU
		Release|Any CPU = Release|Any CPU
	EndGlobalSection
	GlobalSection(ProjectConfigurationPlatforms) = postSolution
		{3FF01C50-AB97-415E-A594-C68237A1B7C1}.Debug|Any CPU.ActiveCfg = Debug|Any CPU
		{3FF01C50-AB97-415E-A594-C68237A1B7C1}.Debug|Any CPU.Build.0 = Debug|Any CPU
		{3FF01C50-AB97-415E-A594-C68237A1B7C1}.Release|Any CPU.ActiveCfg = Release|Any CPU
		{3FF01C50-AB97-415E-A594-C68237A1B7C1}.Release|Any CPU.Build.0 = Release|Any CPU
	EndGlobalSection
	GlobalSection(SolutionProperties) = preSolution
		HideSolutionNode = FALSE
	EndGlobalSection
	GlobalSection(ExtensibilityGlobals) = postSolution
		SolutionGuid = {E318387B-11F5-441B-A325-B8773AC2C5F3}
	EndGlobalSection
EndGlobal
